
Microsoft Visual Studio Solution File, Format Version 12.00
# Visual Studio Version 16
VisualStudioVersion = 16.0.31424.327
MinimumVisualStudioVersion = 10.0.40219.1
Project("{9A19103F-16F7-4668-BE54-9A1E7A4F7556}") = "GardenCombat", "GardenCombat.csproj", "{F36377FB-9FFB-42E4-BA4C-7E271513ED2B}"
EndProject
Global
	GlobalSection(SolutionConfigurationPlatforms) = preSolution
		Debug|Any CPU = Debug|Any CPU
		ExportDebug|Any CPU = ExportDebug|Any CPU
		ExportRelease|Any CPU = ExportRelease|Any CPU
	EndGlobalSection
	GlobalSection(ProjectConfigurationPlatforms) = postSolution
		{F36377FB-9FFB-42E4-BA4C-7E271513ED2B}.Debug|Any CPU.ActiveCfg = Debug|Any CPU
		{F36377FB-9FFB-42E4-BA4C-7E271513ED2B}.Debug|Any CPU.Build.0 = Debug|Any CPU
		{F36377FB-9FFB-42E4-BA4C-7E271513ED2B}.ExportDebug|Any CPU.ActiveCfg = ExportDebug|Any CPU
		{F36377FB-9FFB-42E4-BA4C-7E271513ED2B}.ExportDebug|Any CPU.Build.0 = ExportDebug|Any CPU
		{F36377FB-9FFB-42E4-BA4C-7E271513ED2B}.ExportRelease|Any CPU.ActiveCfg = ExportRelease|Any CPU
		{F36377FB-9FFB-42E4-BA4C-7E271513ED2B}.ExportRelease|Any CPU.Build.0 = ExportRelease|Any CPU
	EndGlobalSection
	GlobalSection(SolutionProperties) = preSolution
		HideSolutionNode = FALSE
	EndGlobalSection
	GlobalSection(ExtensibilityGlobals) = postSolution
		SolutionGuid = {ABAB47D9-8469-42B5-8DF4-34FB0CB0BC4B}
	EndGlobalSection
EndGlobal
